// !$*UTF8*$!
{
	archiveVersion = 1;
	classes = {
	};
	objectVersion = 56;
	objects = {

/* Begin PBXBuildFile section */
		4057FF9F2B01336D002CA14F /* AppDelegate.swift in Sources */ = {isa = PBXBuildFile; fileRef = 4057FF9E2B01336D002CA14F /* AppDelegate.swift */; };
		4057FFA12B01336D002CA14F /* SceneDelegate.swift in Sources */ = {isa = PBXBuildFile; fileRef = 4057FFA02B01336D002CA14F /* SceneDelegate.swift */; };
		4057FFA32B01336D002CA14F /* TypeViewController.swift in Sources */ = {isa = PBXBuildFile; fileRef = 4057FFA22B01336D002CA14F /* TypeViewController.swift */; };
		4057FFA92B01336D002CA14F /* TodoWithCoreData.xcdatamodeld in Sources */ = {isa = PBXBuildFile; fileRef = 4057FFA72B01336D002CA14F /* TodoWithCoreData.xcdatamodeld */; };
		4057FFAB2B01336F002CA14F /* Assets.xcassets in Resources */ = {isa = PBXBuildFile; fileRef = 4057FFAA2B01336F002CA14F /* Assets.xcassets */; };
		4057FFAE2B01336F002CA14F /* LaunchScreen.storyboard in Resources */ = {isa = PBXBuildFile; fileRef = 4057FFAC2B01336F002CA14F /* LaunchScreen.storyboard */; };
		4057FFB92B013426002CA14F /* TodoType+CoreDataClass.swift in Sources */ = {isa = PBXBuildFile; fileRef = 4057FFB52B013426002CA14F /* TodoType+CoreDataClass.swift */; };
		4057FFBA2B013426002CA14F /* TodoType+CoreDataProperties.swift in Sources */ = {isa = PBXBuildFile; fileRef = 4057FFB62B013426002CA14F /* TodoType+CoreDataProperties.swift */; };
		4057FFBB2B013426002CA14F /* Todo+CoreDataClass.swift in Sources */ = {isa = PBXBuildFile; fileRef = 4057FFB72B013426002CA14F /* Todo+CoreDataClass.swift */; };
		4057FFBC2B013426002CA14F /* Todo+CoreDataProperties.swift in Sources */ = {isa = PBXBuildFile; fileRef = 4057FFB82B013426002CA14F /* Todo+CoreDataProperties.swift */; };
		4057FFC12B013812002CA14F /* CoreDataManager.swift in Sources */ = {isa = PBXBuildFile; fileRef = 4057FFC02B013812002CA14F /* CoreDataManager.swift */; };
		4057FFC32B013DDF002CA14F /* TodoListViewController.swift in Sources */ = {isa = PBXBuildFile; fileRef = 4057FFC22B013DDF002CA14F /* TodoListViewController.swift */; };
/* End PBXBuildFile section */

/* Begin PBXFileReference section */
		4057FF9B2B01336D002CA14F /* TodoWithCoreData.app */ = {isa = PBXFileReference; explicitFileType = wrapper.application; includeInIndex = 0; path = TodoWithCoreData.app; sourceTree = BUILT_PRODUCTS_DIR; };
		4057FF9E2B01336D002CA14F /* AppDelegate.swift */ = {isa = PBXFileReference; lastKnownFileType = sourcecode.swift; path = AppDelegate.swift; sourceTree = "<group>"; };
		4057FFA02B01336D002CA14F /* SceneDelegate.swift */ = {isa = PBXFileReference; lastKnownFileType = sourcecode.swift; path = SceneDelegate.swift; sourceTree = "<group>"; };
		4057FFA22B01336D002CA14F /* TypeViewController.swift */ = {isa = PBXFileReference; lastKnownFileType = sourcecode.swift; path = TypeViewController.swift; sourceTree = "<group>"; };
		4057FFA82B01336D002CA14F /* TodoWithCoreData.xcdatamodel */ = {isa = PBXFileReference; lastKnownFileType = wrapper.xcdatamodel; path = TodoWithCoreData.xcdatamodel; sourceTree = "<group>"; };
		4057FFAA2B01336F002CA14F /* Assets.xcassets */ = {isa = PBXFileReference; lastKnownFileType = folder.assetcatalog; path = Assets.xcassets; sourceTree = "<group>"; };
		4057FFAD2B01336F002CA14F /* Base */ = {isa = PBXFileReference; lastKnownFileType = file.storyboard; name = Base; path = Base.lproj/LaunchScreen.storyboard; sourceTree = "<group>"; };
		4057FFAF2B01336F002CA14F /* Info.plist */ = {isa = PBXFileReference; lastKnownFileType = text.plist.xml; path = Info.plist; sourceTree = "<group>"; };
		4057FFB52B013426002CA14F /* TodoType+CoreDataClass.swift */ = {isa = PBXFileReference; lastKnownFileType = sourcecode.swift; path = "TodoType+CoreDataClass.swift"; sourceTree = "<group>"; };
		4057FFB62B013426002CA14F /* TodoType+CoreDataProperties.swift */ = {isa = PBXFileReference; lastKnownFileType = sourcecode.swift; path = "TodoType+CoreDataProperties.swift"; sourceTree = "<group>"; };
		4057FFB72B013426002CA14F /* Todo+CoreDataClass.swift */ = {isa = PBXFileReference; lastKnownFileType = sourcecode.swift; path = "Todo+CoreDataClass.swift"; sourceTree = "<group>"; };
		4057FFB82B013426002CA14F /* Todo+CoreDataProperties.swift */ = {isa = PBXFileReference; lastKnownFileType = sourcecode.swift; path = "Todo+CoreDataProperties.swift"; sourceTree = "<group>"; };
		4057FFC02B013812002CA14F /* CoreDataManager.swift */ = {isa = PBXFileReference; lastKnownFileType = sourcecode.swift; path = CoreDataManager.swift; sourceTree = "<group>"; };
		4057FFC22B013DDF002CA14F /* TodoListViewController.swift */ = {isa = PBXFileReference; lastKnownFileType = sourcecode.swift; path = TodoListViewController.swift; sourceTree = "<group>"; };
/* End PBXFileReference section */

/* Begin PBXFrameworksBuildPhase section */
		4057FF982B01336D002CA14F /* Frameworks */ = {
			isa = PBXFrameworksBuildPhase;
			buildActionMask = 2147483647;
			files = (
			);
			runOnlyForDeploymentPostprocessing = 0;
		};
/* End PBXFrameworksBuildPhase section */

/* Begin PBXGroup section */
		40526F5A2B01F86100296A52 /* AppConfigs */ = {
			isa = PBXGroup;
			children = (
				4057FF9E2B01336D002CA14F /* AppDelegate.swift */,
				4057FFA02B01336D002CA14F /* SceneDelegate.swift */,
			);
			path = AppConfigs;
			sourceTree = "<group>";
		};
		40526F5B2B01F86C00296A52 /* ViewControllers */ = {
			isa = PBXGroup;
			children = (
				4057FFA22B01336D002CA14F /* TypeViewController.swift */,
				4057FFC22B013DDF002CA14F /* TodoListViewController.swift */,
			);
			path = ViewControllers;
			sourceTree = "<group>";
		};
		4057FF922B01336D002CA14F = {
			isa = PBXGroup;
			children = (
				4057FF9D2B01336D002CA14F /* TodoWithCoreData */,
				4057FF9C2B01336D002CA14F /* Products */,
			);
			sourceTree = "<group>";
		};
		4057FF9C2B01336D002CA14F /* Products */ = {
			isa = PBXGroup;
			children = (
				4057FF9B2B01336D002CA14F /* TodoWithCoreData.app */,
			);
			name = Products;
			sourceTree = "<group>";
		};
		4057FF9D2B01336D002CA14F /* TodoWithCoreData */ = {
			isa = PBXGroup;
			children = (
				40526F5A2B01F86100296A52 /* AppConfigs */,
				4057FFBD2B01342B002CA14F /* CoreDataModels */,
				40526F5B2B01F86C00296A52 /* ViewControllers */,
				4057FFAA2B01336F002CA14F /* Assets.xcassets */,
				4057FFAC2B01336F002CA14F /* LaunchScreen.storyboard */,
				4057FFAF2B01336F002CA14F /* Info.plist */,
				4057FFA72B01336D002CA14F /* TodoWithCoreData.xcdatamodeld */,
			);
			path = TodoWithCoreData;
			sourceTree = "<group>";
		};
		4057FFBD2B01342B002CA14F /* CoreDataModels */ = {
			isa = PBXGroup;
			children = (
				4057FFC02B013812002CA14F /* CoreDataManager.swift */,
				4057FFBF2B013436002CA14F /* Type */,
				4057FFBE2B013431002CA14F /* Todo */,
			);
			path = CoreDataModels;
			sourceTree = "<group>";
		};
		4057FFBE2B013431002CA14F /* Todo */ = {
			isa = PBXGroup;
			children = (
				4057FFB72B013426002CA14F /* Todo+CoreDataClass.swift */,
				4057FFB82B013426002CA14F /* Todo+CoreDataProperties.swift */,
			);
			path = Todo;
			sourceTree = "<group>";
		};
		4057FFBF2B013436002CA14F /* Type */ = {
			isa = PBXGroup;
			children = (
				4057FFB52B013426002CA14F /* TodoType+CoreDataClass.swift */,
				4057FFB62B013426002CA14F /* TodoType+CoreDataProperties.swift */,
			);
			path = Type;
			sourceTree = "<group>";
		};
/* End PBXGroup section */

/* Begin PBXNativeTarget section */
		4057FF9A2B01336D002CA14F /* TodoWithCoreData */ = {
			isa = PBXNativeTarget;
			buildConfigurationList = 4057FFB22B01336F002CA14F /* Build configuration list for PBXNativeTarget "TodoWithCoreData" */;
			buildPhases = (
				4057FF972B01336D002CA14F /* Sources */,
				4057FF982B01336D002CA14F /* Frameworks */,
				4057FF992B01336D002CA14F /* Resources */,
			);
			buildRules = (
			);
			dependencies = (
			);
			name = TodoWithCoreData;
			productName = TodoWithCoreData;
			productReference = 4057FF9B2B01336D002CA14F /* TodoWithCoreData.app */;
			productType = "com.apple.product-type.application";
		};
/* End PBXNativeTarget section */

/* Begin PBXProject section */
		4057FF932B01336D002CA14F /* Project object */ = {
			isa = PBXProject;
			attributes = {
				BuildIndependentTargetsInParallel = 1;
				LastSwiftUpdateCheck = 1430;
				LastUpgradeCheck = 1430;
				TargetAttributes = {
					4057FF9A2B01336D002CA14F = {
						CreatedOnToolsVersion = 14.3.1;
					};
				};
			};
			buildConfigurationList = 4057FF962B01336D002CA14F /* Build configuration list for PBXProject "TodoWithCoreData" */;
			compatibilityVersion = "Xcode 14.0";
			developmentRegion = en;
			hasScannedForEncodings = 0;
			knownRegions = (
				en,
				Base,
			);
			mainGroup = 4057FF922B01336D002CA14F;
			productRefGroup = 4057FF9C2B01336D002CA14F /* Products */;
			projectDirPath = "";
			projectRoot = "";
			targets = (
				4057FF9A2B01336D002CA14F /* TodoWithCoreData */,
			);
		};
/* End PBXProject section */

/* Begin PBXResourcesBuildPhase section */
		4057FF992B01336D002CA14F /* Resources */ = {
			isa = PBXResourcesBuildPhase;
			buildActionMask = 2147483647;
			files = (
				4057FFAE2B01336F002CA14F /* LaunchScreen.storyboard in Resources */,
				4057FFAB2B01336F002CA14F /* Assets.xcassets in Resources */,
			);
			runOnlyForDeploymentPostprocessing = 0;
		};
/* End PBXResourcesBuildPhase section */

/* Begin PBXSourcesBuildPhase section */
		4057FF972B01336D002CA14F /* Sources */ = {
			isa = PBXSourcesBuildPhase;
			buildActionMask = 2147483647;
			files = (
				4057FFB92B013426002CA14F /* TodoType+CoreDataClass.swift in Sources */,
				4057FFBC2B013426002CA14F /* Todo+CoreDataProperties.swift in Sources */,
				4057FFBB2B013426002CA14F /* Todo+CoreDataClass.swift in Sources */,
				4057FFA32B01336D002CA14F /* TypeViewController.swift in Sources */,
				4057FFC32B013DDF002CA14F /* TodoListViewController.swift in Sources */,
				4057FF9F2B01336D002CA14F /* AppDelegate.swift in Sources */,
				4057FFA92B01336D002CA14F /* TodoWithCoreData.xcdatamodeld in Sources */,
				4057FFC12B013812002CA14F /* CoreDataManager.swift in Sources */,
				4057FFA12B01336D002CA14F /* SceneDelegate.swift in Sources */,
				4057FFBA2B013426002CA14F /* TodoType+CoreDataProperties.swift in Sources */,
			);
			runOnlyForDeploymentPostprocessing = 0;
		};
/* End PBXSourcesBuildPhase section */

/* Begin PBXVariantGroup section */
		4057FFAC2B01336F002CA14F /* LaunchScreen.storyboard */ = {
			isa = PBXVariantGroup;
			children = (
				4057FFAD2B01336F002CA14F /* Base */,
			);
			name = LaunchScreen.storyboard;
			sourceTree = "<group>";
		};
/* End PBXVariantGroup section */

/* Begin XCBuildConfiguration section */
		4057FFB02B01336F002CA14F /* Debug */ = {
			isa = XCBuildConfiguration;
			buildSettings = {
				ALWAYS_SEARCH_USER_PATHS = NO;
				CLANG_ANALYZER_NONNULL = YES;
				CLANG_ANALYZER_NUMBER_OBJECT_CONVERSION = YES_AGGRESSIVE;
				CLANG_CXX_LANGUAGE_STANDARD = "gnu++20";
				CLANG_ENABLE_MODULES = YES;
				CLANG_ENABLE_OBJC_ARC = YES;
				CLANG_ENABLE_OBJC_WEAK = YES;
				CLANG_WARN_BLOCK_CAPTURE_AUTORELEASING = YES;
				CLANG_WARN_BOOL_CONVERSION = YES;
				CLANG_WARN_COMMA = YES;
				CLANG_WARN_CONSTANT_CONVERSION = YES;
				CLANG_WARN_DEPRECATED_OBJC_IMPLEMENTATIONS = YES;
				CLANG_WARN_DIRECT_OBJC_ISA_USAGE = YES_ERROR;
				CLANG_WARN_DOCUMENTATION_COMMENTS = YES;
				CLANG_WARN_EMPTY_BODY = YES;
				CLANG_WARN_ENUM_CONVERSION = YES;
				CLANG_WARN_INFINITE_RECURSION = YES;
				CLANG_WARN_INT_CONVERSION = YES;
				CLANG_WARN_NON_LITERAL_NULL_CONVERSION = YES;
				CLANG_WARN_OBJC_IMPLICIT_RETAIN_SELF = YES;
				CLANG_WARN_OBJC_LITERAL_CONVERSION = YES;
				CLANG_WARN_OBJC_ROOT_CLASS = YES_ERROR;
				CLANG_WARN_QUOTED_INCLUDE_IN_FRAMEWORK_HEADER = YES;
				CLANG_WARN_RANGE_LOOP_ANALYSIS = YES;
				CLANG_WARN_STRICT_PROTOTYPES = YES;
				CLANG_WARN_SUSPICIOUS_MOVE = YES;
				CLANG_WARN_UNGUARDED_AVAILABILITY = YES_AGGRESSIVE;
				CLANG_WARN_UNREACHABLE_CODE = YES;
				CLANG_WARN__DUPLICATE_METHOD_MATCH = YES;
				COPY_PHASE_STRIP = NO;
				DEBUG_INFORMATION_FORMAT = dwarf;
				ENABLE_STRICT_OBJC_MSGSEND = YES;
				ENABLE_TESTABILITY = YES;
				GCC_C_LANGUAGE_STANDARD = gnu11;
				GCC_DYNAMIC_NO_PIC = NO;
				GCC_NO_COMMON_BLOCKS = YES;
				GCC_OPTIMIZATION_LEVEL = 0;
				GCC_PREPROCESSOR_DEFINITIONS = (
					"DEBUG=1",
					"$(inherited)",
				);
				GCC_WARN_64_TO_32_BIT_CONVERSION = YES;
				GCC_WARN_ABOUT_RETURN_TYPE = YES_ERROR;
				GCC_WARN_UNDECLARED_SELECTOR = YES;
				GCC_WARN_UNINITIALIZED_AUTOS = YES_AGGRESSIVE;
				GCC_WARN_UNUSED_FUNCTION = YES;
				GCC_WARN_UNUSED_VARIABLE = YES;
				IPHONEOS_DEPLOYMENT_TARGET = 16.4;
				MTL_ENABLE_DEBUG_INFO = INCLUDE_SOURCE;
				MTL_FAST_MATH = YES;
				ONLY_ACTIVE_ARCH = YES;
				SDKROOT = iphoneos;
				SWIFT_ACTIVE_COMPILATION_CONDITIONS = DEBUG;
				SWIFT_OPTIMIZATION_LEVEL = "-Onone";
			};
			name = Debug;
		};
		4057FFB12B01336F002CA14F /* Release */ = {
			isa = XCBuildConfiguration;
			buildSettings = {
				ALWAYS_SEARCH_USER_PATHS = NO;
				CLANG_ANALYZER_NONNULL = YES;
				CLANG_ANALYZER_NUMBER_OBJECT_CONVERSION = YES_AGGRESSIVE;
				CLANG_CXX_LANGUAGE_STANDARD = "gnu++20";
				CLANG_ENABLE_MODULES = YES;
				CLANG_ENABLE_OBJC_ARC = YES;
				CLANG_ENABLE_OBJC_WEAK = YES;
				CLANG_WARN_BLOCK_CAPTURE_AUTORELEASING = YES;
				CLANG_WARN_BOOL_CONVERSION = YES;
				CLANG_WARN_COMMA = YES;
				CLANG_WARN_CONSTANT_CONVERSION = YES;
				CLANG_WARN_DEPRECATED_OBJC_IMPLEMENTATIONS = YES;
				CLANG_WARN_DIRECT_OBJC_ISA_USAGE = YES_ERROR;
				CLANG_WARN_DOCUMENTATION_COMMENTS = YES;
				CLANG_WARN_EMPTY_BODY = YES;
				CLANG_WARN_ENUM_CONVERSION = YES;
				CLANG_WARN_INFINITE_RECURSION = YES;
				CLANG_WARN_INT_CONVERSION = YES;
				CLANG_WARN_NON_LITERAL_NULL_CONVERSION = YES;
				CLANG_WARN_OBJC_IMPLICIT_RETAIN_SELF = YES;
				CLANG_WARN_OBJC_LITERAL_CONVERSION = YES;
				CLANG_WARN_OBJC_ROOT_CLASS = YES_ERROR;
				CLANG_WARN_QUOTED_INCLUDE_IN_FRAMEWORK_HEADER = YES;
				CLANG_WARN_RANGE_LOOP_ANALYSIS = YES;
				CLANG_WARN_STRICT_PROTOTYPES = YES;
				CLANG_WARN_SUSPICIOUS_MOVE = YES;
				CLANG_WARN_UNGUARDED_AVAILABILITY = YES_AGGRESSIVE;
				CLANG_WARN_UNREACHABLE_CODE = YES;
				CLANG_WARN__DUPLICATE_METHOD_MATCH = YES;
				COPY_PHASE_STRIP = NO;
				DEBUG_INFORMATION_FORMAT = "dwarf-with-dsym";
				ENABLE_NS_ASSERTIONS = NO;
				ENABLE_STRICT_OBJC_MSGSEND = YES;
				GCC_C_LANGUAGE_STANDARD = gnu11;
				GCC_NO_COMMON_BLOCKS = YES;
				GCC_WARN_64_TO_32_BIT_CONVERSION = YES;
				GCC_WARN_ABOUT_RETURN_TYPE = YES_ERROR;
				GCC_WARN_UNDECLARED_SELECTOR = YES;
				GCC_WARN_UNINITIALIZED_AUTOS = YES_AGGRESSIVE;
				GCC_WARN_UNUSED_FUNCTION = YES;
				GCC_WARN_UNUSED_VARIABLE = YES;
				IPHONEOS_DEPLOYMENT_TARGET = 16.4;
				MTL_ENABLE_DEBUG_INFO = NO;
				MTL_FAST_MATH = YES;
				SDKROOT = iphoneos;
				SWIFT_COMPILATION_MODE = wholemodule;
				SWIFT_OPTIMIZATION_LEVEL = "-O";
				VALIDATE_PRODUCT = YES;
			};
			name = Release;
		};
		4057FFB32B01336F002CA14F /* Debug */ = {
			isa = XCBuildConfiguration;
			buildSettings = {
				ASSETCATALOG_COMPILER_APPICON_NAME = AppIcon;
				ASSETCATALOG_COMPILER_GLOBAL_ACCENT_COLOR_NAME = AccentColor;
				CODE_SIGN_STYLE = Automatic;
				CURRENT_PROJECT_VERSION = 1;
				DEVELOPMENT_TEAM = 8QLM8W63CU;
				GENERATE_INFOPLIST_FILE = YES;
				INFOPLIST_FILE = TodoWithCoreData/Info.plist;
				INFOPLIST_KEY_UIApplicationSupportsIndirectInputEvents = YES;
				INFOPLIST_KEY_UILaunchStoryboardName = LaunchScreen;
				INFOPLIST_KEY_UISupportedInterfaceOrientations_iPad = "UIInterfaceOrientationPortrait UIInterfaceOrientationPortraitUpsideDown UIInterfaceOrientationLandscapeLeft UIInterfaceOrientationLandscapeRight";
				INFOPLIST_KEY_UISupportedInterfaceOrientations_iPhone = "UIInterfaceOrientationPortrait UIInterfaceOrientationLandscapeLeft UIInterfaceOrientationLandscapeRight";
				LD_RUNPATH_SEARCH_PATHS = (
					"$(inherited)",
					"@executable_path/Frameworks",
				);
				MARKETING_VERSION = 1.0;
				PRODUCT_BUNDLE_IDENTIFIER = demo.TodoWithCoreData;
				PRODUCT_NAME = "$(TARGET_NAME)";
				SWIFT_EMIT_LOC_STRINGS = YES;
				SWIFT_VERSION = 5.0;
				TARGETED_DEVICE_FAMILY = "1,2";
			};
			name = Debug;
		};
		4057FFB42B01336F002CA14F /* Release */ = {
			isa = XCBuildConfiguration;
			buildSettings = {
				ASSETCATALOG_COMPILER_APPICON_NAME = AppIcon;
				ASSETCATALOG_COMPILER_GLOBAL_ACCENT_COLOR_NAME = AccentColor;
				CODE_SIGN_STYLE = Automatic;
				CURRENT_PROJECT_VERSION = 1;
				DEVELOPMENT_TEAM = 8QLM8W63CU;
				GENERATE_INFOPLIST_FILE = YES;
				INFOPLIST_FILE = TodoWithCoreData/Info.plist;
				INFOPLIST_KEY_UIApplicationSupportsIndirectInputEvents = YES;
				INFOPLIST_KEY_UILaunchStoryboardName = LaunchScreen;
				INFOPLIST_KEY_UISupportedInterfaceOrientations_iPad = "UIInterfaceOrientationPortrait UIInterfaceOrientationPortraitUpsideDown UIInterfaceOrientationLandscapeLeft UIInterfaceOrientationLandscapeRight";
				INFOPLIST_KEY_UISupportedInterfaceOrientations_iPhone = "UIInterfaceOrientationPortrait UIInterfaceOrientationLandscapeLeft UIInterfaceOrientationLandscapeRight";
				LD_RUNPATH_SEARCH_PATHS = (
					"$(inherited)",
					"@executable_path/Frameworks",
				);
				MARKETING_VERSION = 1.0;
				PRODUCT_BUNDLE_IDENTIFIER = demo.TodoWithCoreData;
				PRODUCT_NAME = "$(TARGET_NAME)";
				SWIFT_EMIT_LOC_STRINGS = YES;
				SWIFT_VERSION = 5.0;
				TARGETED_DEVICE_FAMILY = "1,2";
			};
			name = Release;
		};
/* End XCBuildConfiguration section */

/* Begin XCConfigurationList section */
		4057FF962B01336D002CA14F /* Build configuration list for PBXProject "TodoWithCoreData" */ = {
			isa = XCConfigurationList;
			buildConfigurations = (
				4057FFB02B01336F002CA14F /* Debug */,
				4057FFB12B01336F002CA14F /* Release */,
			);
			defaultConfigurationIsVisible = 0;
			defaultConfigurationName = Release;
		};
		4057FFB22B01336F002CA14F /* Build configuration list for PBXNativeTarget "TodoWithCoreData" */ = {
			isa = XCConfigurationList;
			buildConfigurations = (
				4057FFB32B01336F002CA14F /* Debug */,
				4057FFB42B01336F002CA14F /* Release */,
			);
			defaultConfigurationIsVisible = 0;
			defaultConfigurationName = Release;
		};
/* End XCConfigurationList section */

/* Begin XCVersionGroup section */
		4057FFA72B01336D002CA14F /* TodoWithCoreData.xcdatamodeld */ = {
			isa = XCVersionGroup;
			children = (
				4057FFA82B01336D002CA14F /* TodoWithCoreData.xcdatamodel */,
			);
			currentVersion = 4057FFA82B01336D002CA14F /* TodoWithCoreData.xcdatamodel */;
			path = TodoWithCoreData.xcdatamodeld;
			sourceTree = "<group>";
			versionGroupType = wrapper.xcdatamodel;
		};
/* End XCVersionGroup section */
	};
	rootObject = 4057FF932B01336D002CA14F /* Project object */;
}
